
Microsoft Visual Studio Solution File, Format Version 12.00
# Visual Studio Version 16
VisualStudioVersion = 16.0.31911.196
MinimumVisualStudioVersion = 10.0.40219.1
Project("{FAE04EC0-301F-11D3-BF4B-00C04F79EFBC}") = "BirthdayApp", "BirthdayApp\BirthdayApp.csproj", "{626E53ED-D34D-40E3-9867-F0F455660BB1}"
EndProject
Global
	GlobalSection(SolutionConfigurationPlatforms) = preSolution
		Debug|Any CPU = Debug|Any CPU
		Release|Any CPU = Release|Any CPU
	EndGlobalSection
	GlobalSection(ProjectConfigurationPlatforms) = postSolution
		{626E53ED-D34D-40E3-9867-F0F455660BB1}.Debug|Any CPU.ActiveCfg = Debug|Any CPU
		{626E53ED-D34D-40E3-9867-F0F455660BB1}.Debug|Any CPU.Build.0 = Debug|Any CPU
		{626E53ED-D34D-40E3-9867-F0F455660BB1}.Release|Any CPU.ActiveCfg = Release|Any CPU
		{626E53ED-D34D-40E3-9867-F0F455660BB1}.Release|Any CPU.Build.0 = Release|Any CPU
	EndGlobalSection
	GlobalSection(SolutionProperties) = preSolution
		HideSolutionNode = FALSE
	EndGlobalSection
	GlobalSection(ExtensibilityGlobals) = postSolution
		SolutionGuid = {1C9C5573-91B9-4BAB-96DC-4DEC9710F1FE}
	EndGlobalSection
EndGlobal
